// !$*UTF8*$!
{
	archiveVersion = 1;
	classes = {
	};
	objectVersion = 50;
	objects = {

/* Begin PBXBuildFile section */
		CA232F5024FDB91100F88644 /* AppDelegate.swift in Sources */ = {isa = PBXBuildFile; fileRef = CA232F4F24FDB91100F88644 /* AppDelegate.swift */; };
		CA232F5224FDB91100F88644 /* SceneDelegate.swift in Sources */ = {isa = PBXBuildFile; fileRef = CA232F5124FDB91100F88644 /* SceneDelegate.swift */; };
		CA232F5424FDB91100F88644 /* EmojiArtDocumentView.swift in Sources */ = {isa = PBXBuildFile; fileRef = CA232F5324FDB91100F88644 /* EmojiArtDocumentView.swift */; };
		CA232F5624FDB91700F88644 /* Assets.xcassets in Resources */ = {isa = PBXBuildFile; fileRef = CA232F5524FDB91700F88644 /* Assets.xcassets */; };
		CA232F5924FDB91700F88644 /* Preview Assets.xcassets in Resources */ = {isa = PBXBuildFile; fileRef = CA232F5824FDB91700F88644 /* Preview Assets.xcassets */; };
		CA232F5C24FDB91700F88644 /* LaunchScreen.storyboard in Resources */ = {isa = PBXBuildFile; fileRef = CA232F5A24FDB91700F88644 /* LaunchScreen.storyboard */; };
		CA907B0224FF022100365C1F /* EmojiArtExtensions.swift in Sources */ = {isa = PBXBuildFile; fileRef = CA907B0124FF022100365C1F /* EmojiArtExtensions.swift */; };
		CAD356DF24FEC5FE001B5204 /* EmojiArtDocument.swift in Sources */ = {isa = PBXBuildFile; fileRef = CAD356DE24FEC5FE001B5204 /* EmojiArtDocument.swift */; };
		CAD356E124FED87C001B5204 /* EmojiArt.swift in Sources */ = {isa = PBXBuildFile; fileRef = CAD356E024FED87C001B5204 /* EmojiArt.swift */; };
		CAF1158725005E05002963E2 /* OptionalImage.swift in Sources */ = {isa = PBXBuildFile; fileRef = CAF1158625005E05002963E2 /* OptionalImage.swift */; };
/* End PBXBuildFile section */

/* Begin PBXFileReference section */
		CA232F4C24FDB91100F88644 /* EmojiArt.app */ = {isa = PBXFileReference; explicitFileType = wrapper.application; includeInIndex = 0; path = EmojiArt.app; sourceTree = BUILT_PRODUCTS_DIR; };
		CA232F4F24FDB91100F88644 /* AppDelegate.swift */ = {isa = PBXFileReference; lastKnownFileType = sourcecode.swift; path = AppDelegate.swift; sourceTree = "<group>"; };
		CA232F5124FDB91100F88644 /* SceneDelegate.swift */ = {isa = PBXFileReference; lastKnownFileType = sourcecode.swift; path = SceneDelegate.swift; sourceTree = "<group>"; };
		CA232F5324FDB91100F88644 /* EmojiArtDocumentView.swift */ = {isa = PBXFileReference; lastKnownFileType = sourcecode.swift; path = EmojiArtDocumentView.swift; sourceTree = "<group>"; };
		CA232F5524FDB91700F88644 /* Assets.xcassets */ = {isa = PBXFileReference; lastKnownFileType = folder.assetcatalog; path = Assets.xcassets; sourceTree = "<group>"; };
		CA232F5824FDB91700F88644 /* Preview Assets.xcassets */ = {isa = PBXFileReference; lastKnownFileType = folder.assetcatalog; path = "Preview Assets.xcassets"; sourceTree = "<group>"; };
		CA232F5B24FDB91700F88644 /* Base */ = {isa = PBXFileReference; lastKnownFileType = file.storyboard; name = Base; path = Base.lproj/LaunchScreen.storyboard; sourceTree = "<group>"; };
		CA232F5D24FDB91700F88644 /* Info.plist */ = {isa = PBXFileReference; lastKnownFileType = text.plist.xml; path = Info.plist; sourceTree = "<group>"; };
		CA907B0124FF022100365C1F /* EmojiArtExtensions.swift */ = {isa = PBXFileReference; fileEncoding = 4; lastKnownFileType = sourcecode.swift; path = EmojiArtExtensions.swift; sourceTree = "<group>"; };
		CAD356DE24FEC5FE001B5204 /* EmojiArtDocument.swift */ = {isa = PBXFileReference; lastKnownFileType = sourcecode.swift; path = EmojiArtDocument.swift; sourceTree = "<group>"; };
		CAD356E024FED87C001B5204 /* EmojiArt.swift */ = {isa = PBXFileReference; lastKnownFileType = sourcecode.swift; path = EmojiArt.swift; sourceTree = "<group>"; };
		CAF1158625005E05002963E2 /* OptionalImage.swift */ = {isa = PBXFileReference; lastKnownFileType = sourcecode.swift; path = OptionalImage.swift; sourceTree = "<group>"; };
/* End PBXFileReference section */

/* Begin PBXFrameworksBuildPhase section */
		CA232F4924FDB91100F88644 /* Frameworks */ = {
			isa = PBXFrameworksBuildPhase;
			buildActionMask = 2147483647;
			files = (
			);
			runOnlyForDeploymentPostprocessing = 0;
		};
/* End PBXFrameworksBuildPhase section */

/* Begin PBXGroup section */
		CA232F4324FDB91100F88644 = {
			isa = PBXGroup;
			children = (
				CA232F4E24FDB91100F88644 /* EmojiArt */,
				CA232F4D24FDB91100F88644 /* Products */,
			);
			sourceTree = "<group>";
		};
		CA232F4D24FDB91100F88644 /* Products */ = {
			isa = PBXGroup;
			children = (
				CA232F4C24FDB91100F88644 /* EmojiArt.app */,
			);
			name = Products;
			sourceTree = "<group>";
		};
		CA232F4E24FDB91100F88644 /* EmojiArt */ = {
			isa = PBXGroup;
			children = (
				CAD356DE24FEC5FE001B5204 /* EmojiArtDocument.swift */,
				CA232F5324FDB91100F88644 /* EmojiArtDocumentView.swift */,
				CAF1158625005E05002963E2 /* OptionalImage.swift */,
				CAD356E024FED87C001B5204 /* EmojiArt.swift */,
				CA907B0124FF022100365C1F /* EmojiArtExtensions.swift */,
				CA232F4F24FDB91100F88644 /* AppDelegate.swift */,
				CA232F5124FDB91100F88644 /* SceneDelegate.swift */,
				CA232F5524FDB91700F88644 /* Assets.xcassets */,
				CA232F5A24FDB91700F88644 /* LaunchScreen.storyboard */,
				CA232F5D24FDB91700F88644 /* Info.plist */,
				CA232F5724FDB91700F88644 /* Preview Content */,
			);
			path = EmojiArt;
			sourceTree = "<group>";
		};
		CA232F5724FDB91700F88644 /* Preview Content */ = {
			isa = PBXGroup;
			children = (
				CA232F5824FDB91700F88644 /* Preview Assets.xcassets */,
			);
			path = "Preview Content";
			sourceTree = "<group>";
		};
/* End PBXGroup section */

/* Begin PBXNativeTarget section */
		CA232F4B24FDB91100F88644 /* EmojiArt */ = {
			isa = PBXNativeTarget;
			buildConfigurationList = CA232F6024FDB91700F88644 /* Build configuration list for PBXNativeTarget "EmojiArt" */;
			buildPhases = (
				CA232F4824FDB91100F88644 /* Sources */,
				CA232F4924FDB91100F88644 /* Frameworks */,
				CA232F4A24FDB91100F88644 /* Resources */,
			);
			buildRules = (
			);
			dependencies = (
			);
			name = EmojiArt;
			productName = EmojiArt;
			productReference = CA232F4C24FDB91100F88644 /* EmojiArt.app */;
			productType = "com.apple.product-type.application";
		};
/* End PBXNativeTarget section */

/* Begin PBXProject section */
		CA232F4424FDB91100F88644 /* Project object */ = {
			isa = PBXProject;
			attributes = {
				LastSwiftUpdateCheck = 1160;
				LastUpgradeCheck = 1160;
				ORGANIZATIONNAME = "Vishal Ramesh";
				TargetAttributes = {
					CA232F4B24FDB91100F88644 = {
						CreatedOnToolsVersion = 11.6;
					};
				};
			};
			buildConfigurationList = CA232F4724FDB91100F88644 /* Build configuration list for PBXProject "EmojiArt" */;
			compatibilityVersion = "Xcode 9.3";
			developmentRegion = en;
			hasScannedForEncodings = 0;
			knownRegions = (
				en,
				Base,
			);
			mainGroup = CA232F4324FDB91100F88644;
			productRefGroup = CA232F4D24FDB91100F88644 /* Products */;
			projectDirPath = "";
			projectRoot = "";
			targets = (
				CA232F4B24FDB91100F88644 /* EmojiArt */,
			);
		};
/* End PBXProject section */

/* Begin PBXResourcesBuildPhase section */
		CA232F4A24FDB91100F88644 /* Resources */ = {
			isa = PBXResourcesBuildPhase;
			buildActionMask = 2147483647;
			files = (
				CA232F5C24FDB91700F88644 /* LaunchScreen.storyboard in Resources */,
				CA232F5924FDB91700F88644 /* Preview Assets.xcassets in Resources */,
				CA232F5624FDB91700F88644 /* Assets.xcassets in Resources */,
			);
			runOnlyForDeploymentPostprocessing = 0;
		};
/* End PBXResourcesBuildPhase section */

/* Begin PBXSourcesBuildPhase section */
		CA232F4824FDB91100F88644 /* Sources */ = {
			isa = PBXSourcesBuildPhase;
			buildActionMask = 2147483647;
			files = (
				CA232F5024FDB91100F88644 /* AppDelegate.swift in Sources */,
				CA232F5224FDB91100F88644 /* SceneDelegate.swift in Sources */,
				CA907B0224FF022100365C1F /* EmojiArtExtensions.swift in Sources */,
				CAD356E124FED87C001B5204 /* EmojiArt.swift in Sources */,
				CA232F5424FDB91100F88644 /* EmojiArtDocumentView.swift in Sources */,
				CAF1158725005E05002963E2 /* OptionalImage.swift in Sources */,
				CAD356DF24FEC5FE001B5204 /* EmojiArtDocument.swift in Sources */,
			);
			runOnlyForDeploymentPostprocessing = 0;
		};
/* End PBXSourcesBuildPhase section */

/* Begin PBXVariantGroup section */
		CA232F5A24FDB91700F88644 /* LaunchScreen.storyboard */ = {
			isa = PBXVariantGroup;
			children = (
				CA232F5B24FDB91700F88644 /* Base */,
			);
			name = LaunchScreen.storyboard;
			sourceTree = "<group>";
		};
/* End PBXVariantGroup section */

/* Begin XCBuildConfiguration section */
		CA232F5E24FDB91700F88644 /* Debug */ = {
			isa = XCBuildConfiguration;
			buildSettings = {
				ALWAYS_SEARCH_USER_PATHS = NO;
				CLANG_ANALYZER_NONNULL = YES;
				CLANG_ANALYZER_NUMBER_OBJECT_CONVERSION = YES_AGGRESSIVE;
				CLANG_CXX_LANGUAGE_STANDARD = "gnu++14";
				CLANG_CXX_LIBRARY = "libc++";
				CLANG_ENABLE_MODULES = YES;
				CLANG_ENABLE_OBJC_ARC = YES;
				CLANG_ENABLE_OBJC_WEAK = YES;
				CLANG_WARN_BLOCK_CAPTURE_AUTORELEASING = YES;
				CLANG_WARN_BOOL_CONVERSION = YES;
				CLANG_WARN_COMMA = YES;
				CLANG_WARN_CONSTANT_CONVERSION = YES;
				CLANG_WARN_DEPRECATED_OBJC_IMPLEMENTATIONS = YES;
				CLANG_WARN_DIRECT_OBJC_ISA_USAGE = YES_ERROR;
				CLANG_WARN_DOCUMENTATION_COMMENTS = YES;
				CLANG_WARN_EMPTY_BODY = YES;
				CLANG_WARN_ENUM_CONVERSION = YES;
				CLANG_WARN_INFINITE_RECURSION = YES;
				CLANG_WARN_INT_CONVERSION = YES;
				CLANG_WARN_NON_LITERAL_NULL_CONVERSION = YES;
				CLANG_WARN_OBJC_IMPLICIT_RETAIN_SELF = YES;
				CLANG_WARN_OBJC_LITERAL_CONVERSION = YES;
				CLANG_WARN_OBJC_ROOT_CLASS = YES_ERROR;
				CLANG_WARN_RANGE_LOOP_ANALYSIS = YES;
				CLANG_WARN_STRICT_PROTOTYPES = YES;
				CLANG_WARN_SUSPICIOUS_MOVE = YES;
				CLANG_WARN_UNGUARDED_AVAILABILITY = YES_AGGRESSIVE;
				CLANG_WARN_UNREACHABLE_CODE = YES;
				CLANG_WARN__DUPLICATE_METHOD_MATCH = YES;
				COPY_PHASE_STRIP = NO;
				DEBUG_INFORMATION_FORMAT = dwarf;
				ENABLE_STRICT_OBJC_MSGSEND = YES;
				ENABLE_TESTABILITY = YES;
				GCC_C_LANGUAGE_STANDARD = gnu11;
				GCC_DYNAMIC_NO_PIC = NO;
				GCC_NO_COMMON_BLOCKS = YES;
				GCC_OPTIMIZATION_LEVEL = 0;
				GCC_PREPROCESSOR_DEFINITIONS = (
					"DEBUG=1",
					"$(inherited)",
				);
				GCC_WARN_64_TO_32_BIT_CONVERSION = YES;
				GCC_WARN_ABOUT_RETURN_TYPE = YES_ERROR;
				GCC_WARN_UNDECLARED_SELECTOR = YES;
				GCC_WARN_UNINITIALIZED_AUTOS = YES_AGGRESSIVE;
				GCC_WARN_UNUSED_FUNCTION = YES;
				GCC_WARN_UNUSED_VARIABLE = YES;
				IPHONEOS_DEPLOYMENT_TARGET = 13.6;
				MTL_ENABLE_DEBUG_INFO = INCLUDE_SOURCE;
				MTL_FAST_MATH = YES;
				ONLY_ACTIVE_ARCH = YES;
				SDKROOT = iphoneos;
				SWIFT_ACTIVE_COMPILATION_CONDITIONS = DEBUG;
				SWIFT_OPTIMIZATION_LEVEL = "-Onone";
			};
			name = Debug;
		};
		CA232F5F24FDB91700F88644 /* Release */ = {
			isa = XCBuildConfiguration;
			buildSettings = {
				ALWAYS_SEARCH_USER_PATHS = NO;
				CLANG_ANALYZER_NONNULL = YES;
				CLANG_ANALYZER_NUMBER_OBJECT_CONVERSION = YES_AGGRESSIVE;
				CLANG_CXX_LANGUAGE_STANDARD = "gnu++14";
				CLANG_CXX_LIBRARY = "libc++";
				CLANG_ENABLE_MODULES = YES;
				CLANG_ENABLE_OBJC_ARC = YES;
				CLANG_ENABLE_OBJC_WEAK = YES;
				CLANG_WARN_BLOCK_CAPTURE_AUTORELEASING = YES;
				CLANG_WARN_BOOL_CONVERSION = YES;
				CLANG_WARN_COMMA = YES;
				CLANG_WARN_CONSTANT_CONVERSION = YES;
				CLANG_WARN_DEPRECATED_OBJC_IMPLEMENTATIONS = YES;
				CLANG_WARN_DIRECT_OBJC_ISA_USAGE = YES_ERROR;
				CLANG_WARN_DOCUMENTATION_COMMENTS = YES;
				CLANG_WARN_EMPTY_BODY = YES;
				CLANG_WARN_ENUM_CONVERSION = YES;
				CLANG_WARN_INFINITE_RECURSION = YES;
				CLANG_WARN_INT_CONVERSION = YES;
				CLANG_WARN_NON_LITERAL_NULL_CONVERSION = YES;
				CLANG_WARN_OBJC_IMPLICIT_RETAIN_SELF = YES;
				CLANG_WARN_OBJC_LITERAL_CONVERSION = YES;
				CLANG_WARN_OBJC_ROOT_CLASS = YES_ERROR;
				CLANG_WARN_RANGE_LOOP_ANALYSIS = YES;
				CLANG_WARN_STRICT_PROTOTYPES = YES;
				CLANG_WARN_SUSPICIOUS_MOVE = YES;
				CLANG_WARN_UNGUARDED_AVAILABILITY = YES_AGGRESSIVE;
				CLANG_WARN_UNREACHABLE_CODE = YES;
				CLANG_WARN__DUPLICATE_METHOD_MATCH = YES;
				COPY_PHASE_STRIP = NO;
				DEBUG_INFORMATION_FORMAT = "dwarf-with-dsym";
				ENABLE_NS_ASSERTIONS = NO;
				ENABLE_STRICT_OBJC_MSGSEND = YES;
				GCC_C_LANGUAGE_STANDARD = gnu11;
				GCC_NO_COMMON_BLOCKS = YES;
				GCC_WARN_64_TO_32_BIT_CONVERSION = YES;
				GCC_WARN_ABOUT_RETURN_TYPE = YES_ERROR;
				GCC_WARN_UNDECLARED_SELECTOR = YES;
				GCC_WARN_UNINITIALIZED_AUTOS = YES_AGGRESSIVE;
				GCC_WARN_UNUSED_FUNCTION = YES;
				GCC_WARN_UNUSED_VARIABLE = YES;
				IPHONEOS_DEPLOYMENT_TARGET = 13.6;
				MTL_ENABLE_DEBUG_INFO = NO;
				MTL_FAST_MATH = YES;
				SDKROOT = iphoneos;
				SWIFT_COMPILATION_MODE = wholemodule;
				SWIFT_OPTIMIZATION_LEVEL = "-O";
				VALIDATE_PRODUCT = YES;
			};
			name = Release;
		};
		CA232F6124FDB91700F88644 /* Debug */ = {
			isa = XCBuildConfiguration;
			buildSettings = {
				ASSETCATALOG_COMPILER_APPICON_NAME = AppIcon;
				CODE_SIGN_STYLE = Automatic;
				DEVELOPMENT_ASSET_PATHS = "\"EmojiArt/Preview Content\"";
				DEVELOPMENT_TEAM = DYC2R792A2;
				ENABLE_PREVIEWS = YES;
				INFOPLIST_FILE = EmojiArt/Info.plist;
				LD_RUNPATH_SEARCH_PATHS = (
					"$(inherited)",
					"@executable_path/Frameworks",
				);
				PRODUCT_BUNDLE_IDENTIFIER = stanford.cs193p.EmojiArt;
				PRODUCT_NAME = "$(TARGET_NAME)";
				SWIFT_VERSION = 5.0;
				TARGETED_DEVICE_FAMILY = "1,2";
			};
			name = Debug;
		};
		CA232F6224FDB91700F88644 /* Release */ = {
			isa = XCBuildConfiguration;
			buildSettings = {
				ASSETCATALOG_COMPILER_APPICON_NAME = AppIcon;
				CODE_SIGN_STYLE = Automatic;
				DEVELOPMENT_ASSET_PATHS = "\"EmojiArt/Preview Content\"";
				DEVELOPMENT_TEAM = DYC2R792A2;
				ENABLE_PREVIEWS = YES;
				INFOPLIST_FILE = EmojiArt/Info.plist;
				LD_RUNPATH_SEARCH_PATHS = (
					"$(inherited)",
					"@executable_path/Frameworks",
				);
				PRODUCT_BUNDLE_IDENTIFIER = stanford.cs193p.EmojiArt;
				PRODUCT_NAME = "$(TARGET_NAME)";
				SWIFT_VERSION = 5.0;
				TARGETED_DEVICE_FAMILY = "1,2";
			};
			name = Release;
		};
/* End XCBuildConfiguration section */

/* Begin XCConfigurationList section */
		CA232F4724FDB91100F88644 /* Build configuration list for PBXProject "EmojiArt" */ = {
			isa = XCConfigurationList;
			buildConfigurations = (
				CA232F5E24FDB91700F88644 /* Debug */,
				CA232F5F24FDB91700F88644 /* Release */,
			);
			defaultConfigurationIsVisible = 0;
			defaultConfigurationName = Release;
		};
		CA232F6024FDB91700F88644 /* Build configuration list for PBXNativeTarget "EmojiArt" */ = {
			isa = XCConfigurationList;
			buildConfigurations = (
				CA232F6124FDB91700F88644 /* Debug */,
				CA232F6224FDB91700F88644 /* Release */,
			);
			defaultConfigurationIsVisible = 0;
			defaultConfigurationName = Release;
		};
/* End XCConfigurationList section */
	};
	rootObject = CA232F4424FDB91100F88644 /* Project object */;
}
