// !$*UTF8*$!
{
	archiveVersion = 1;
	classes = {
	};
	objectVersion = 50;
	objects = {

/* Begin PBXBuildFile section */
		CA12A8D824A98CB800614A61 /* MemoryGame.swift in Sources */ = {isa = PBXBuildFile; fileRef = CA12A8D724A98CB800614A61 /* MemoryGame.swift */; };
		CA12A8DA24A98D5900614A61 /* EmojiMemoryGame.swift in Sources */ = {isa = PBXBuildFile; fileRef = CA12A8D924A98D5900614A61 /* EmojiMemoryGame.swift */; };
		CA5B30B524F1EA140090BBD5 /* Pie.swift in Sources */ = {isa = PBXBuildFile; fileRef = CA5B30B424F1EA140090BBD5 /* Pie.swift */; };
		CA5B30B724F1F07A0090BBD5 /* Cardify.swift in Sources */ = {isa = PBXBuildFile; fileRef = CA5B30B624F1F07A0090BBD5 /* Cardify.swift */; };
		CA7C75EE24EDA0D000D941F5 /* Grid.swift in Sources */ = {isa = PBXBuildFile; fileRef = CA7C75ED24EDA0D000D941F5 /* Grid.swift */; };
		CA7C75F024EDA75200D941F5 /* GridLayout.swift in Sources */ = {isa = PBXBuildFile; fileRef = CA7C75EF24EDA75200D941F5 /* GridLayout.swift */; };
		CA7C75F224EDBF6300D941F5 /* Array+Identifiable.swift in Sources */ = {isa = PBXBuildFile; fileRef = CA7C75F124EDBF6300D941F5 /* Array+Identifiable.swift */; };
		CA7C75F424EDD72400D941F5 /* Array+Only.swift in Sources */ = {isa = PBXBuildFile; fileRef = CA7C75F324EDD72400D941F5 /* Array+Only.swift */; };
		CA9BC94E24F0562D0016427E /* MemoryGameTheme.swift in Sources */ = {isa = PBXBuildFile; fileRef = CA9BC94D24F0562D0016427E /* MemoryGameTheme.swift */; };
		CAEE21BE24A940F10041E862 /* AppDelegate.swift in Sources */ = {isa = PBXBuildFile; fileRef = CAEE21BD24A940F10041E862 /* AppDelegate.swift */; };
		CAEE21C024A940F10041E862 /* SceneDelegate.swift in Sources */ = {isa = PBXBuildFile; fileRef = CAEE21BF24A940F10041E862 /* SceneDelegate.swift */; };
		CAEE21C224A940F10041E862 /* EmojiMemoryGameView.swift in Sources */ = {isa = PBXBuildFile; fileRef = CAEE21C124A940F10041E862 /* EmojiMemoryGameView.swift */; };
		CAEE21C424A940F60041E862 /* Assets.xcassets in Resources */ = {isa = PBXBuildFile; fileRef = CAEE21C324A940F60041E862 /* Assets.xcassets */; };
		CAEE21C724A940F60041E862 /* Preview Assets.xcassets in Resources */ = {isa = PBXBuildFile; fileRef = CAEE21C624A940F60041E862 /* Preview Assets.xcassets */; };
		CAEE21CA24A940F60041E862 /* LaunchScreen.storyboard in Resources */ = {isa = PBXBuildFile; fileRef = CAEE21C824A940F60041E862 /* LaunchScreen.storyboard */; };
/* End PBXBuildFile section */

/* Begin PBXFileReference section */
		CA12A8D724A98CB800614A61 /* MemoryGame.swift */ = {isa = PBXFileReference; lastKnownFileType = sourcecode.swift; path = MemoryGame.swift; sourceTree = "<group>"; };
		CA12A8D924A98D5900614A61 /* EmojiMemoryGame.swift */ = {isa = PBXFileReference; lastKnownFileType = sourcecode.swift; path = EmojiMemoryGame.swift; sourceTree = "<group>"; };
		CA5B30B424F1EA140090BBD5 /* Pie.swift */ = {isa = PBXFileReference; lastKnownFileType = sourcecode.swift; path = Pie.swift; sourceTree = "<group>"; };
		CA5B30B624F1F07A0090BBD5 /* Cardify.swift */ = {isa = PBXFileReference; lastKnownFileType = sourcecode.swift; path = Cardify.swift; sourceTree = "<group>"; };
		CA7C75ED24EDA0D000D941F5 /* Grid.swift */ = {isa = PBXFileReference; lastKnownFileType = sourcecode.swift; path = Grid.swift; sourceTree = "<group>"; };
		CA7C75EF24EDA75200D941F5 /* GridLayout.swift */ = {isa = PBXFileReference; fileEncoding = 4; lastKnownFileType = sourcecode.swift; path = GridLayout.swift; sourceTree = "<group>"; };
		CA7C75F124EDBF6300D941F5 /* Array+Identifiable.swift */ = {isa = PBXFileReference; lastKnownFileType = sourcecode.swift; path = "Array+Identifiable.swift"; sourceTree = "<group>"; };
		CA7C75F324EDD72400D941F5 /* Array+Only.swift */ = {isa = PBXFileReference; lastKnownFileType = sourcecode.swift; path = "Array+Only.swift"; sourceTree = "<group>"; };
		CA9BC94D24F0562D0016427E /* MemoryGameTheme.swift */ = {isa = PBXFileReference; lastKnownFileType = sourcecode.swift; path = MemoryGameTheme.swift; sourceTree = "<group>"; };
		CAEE21BA24A940F10041E862 /* Memorize.app */ = {isa = PBXFileReference; explicitFileType = wrapper.application; includeInIndex = 0; path = Memorize.app; sourceTree = BUILT_PRODUCTS_DIR; };
		CAEE21BD24A940F10041E862 /* AppDelegate.swift */ = {isa = PBXFileReference; lastKnownFileType = sourcecode.swift; path = AppDelegate.swift; sourceTree = "<group>"; };
		CAEE21BF24A940F10041E862 /* SceneDelegate.swift */ = {isa = PBXFileReference; lastKnownFileType = sourcecode.swift; path = SceneDelegate.swift; sourceTree = "<group>"; };
		CAEE21C124A940F10041E862 /* EmojiMemoryGameView.swift */ = {isa = PBXFileReference; lastKnownFileType = sourcecode.swift; path = EmojiMemoryGameView.swift; sourceTree = "<group>"; };
		CAEE21C324A940F60041E862 /* Assets.xcassets */ = {isa = PBXFileReference; lastKnownFileType = folder.assetcatalog; path = Assets.xcassets; sourceTree = "<group>"; };
		CAEE21C624A940F60041E862 /* Preview Assets.xcassets */ = {isa = PBXFileReference; lastKnownFileType = folder.assetcatalog; path = "Preview Assets.xcassets"; sourceTree = "<group>"; };
		CAEE21C924A940F60041E862 /* Base */ = {isa = PBXFileReference; lastKnownFileType = file.storyboard; name = Base; path = Base.lproj/LaunchScreen.storyboard; sourceTree = "<group>"; };
		CAEE21CB24A940F60041E862 /* Info.plist */ = {isa = PBXFileReference; lastKnownFileType = text.plist.xml; path = Info.plist; sourceTree = "<group>"; };
/* End PBXFileReference section */

/* Begin PBXFrameworksBuildPhase section */
		CAEE21B724A940F10041E862 /* Frameworks */ = {
			isa = PBXFrameworksBuildPhase;
			buildActionMask = 2147483647;
			files = (
			);
			runOnlyForDeploymentPostprocessing = 0;
		};
/* End PBXFrameworksBuildPhase section */

/* Begin PBXGroup section */
		CAEE21B124A940F10041E862 = {
			isa = PBXGroup;
			children = (
				CAEE21BC24A940F10041E862 /* Memorize */,
				CAEE21BB24A940F10041E862 /* Products */,
			);
			sourceTree = "<group>";
		};
		CAEE21BB24A940F10041E862 /* Products */ = {
			isa = PBXGroup;
			children = (
				CAEE21BA24A940F10041E862 /* Memorize.app */,
			);
			name = Products;
			sourceTree = "<group>";
		};
		CAEE21BC24A940F10041E862 /* Memorize */ = {
			isa = PBXGroup;
			children = (
				CAEE21BD24A940F10041E862 /* AppDelegate.swift */,
				CAEE21BF24A940F10041E862 /* SceneDelegate.swift */,
				CAEE21C124A940F10041E862 /* EmojiMemoryGameView.swift */,
				CA5B30B624F1F07A0090BBD5 /* Cardify.swift */,
				CA5B30B424F1EA140090BBD5 /* Pie.swift */,
				CA9BC94D24F0562D0016427E /* MemoryGameTheme.swift */,
				CA7C75F324EDD72400D941F5 /* Array+Only.swift */,
				CA7C75F124EDBF6300D941F5 /* Array+Identifiable.swift */,
				CA7C75ED24EDA0D000D941F5 /* Grid.swift */,
				CA7C75EF24EDA75200D941F5 /* GridLayout.swift */,
				CA12A8D724A98CB800614A61 /* MemoryGame.swift */,
				CA12A8D924A98D5900614A61 /* EmojiMemoryGame.swift */,
				CAEE21C324A940F60041E862 /* Assets.xcassets */,
				CAEE21C824A940F60041E862 /* LaunchScreen.storyboard */,
				CAEE21CB24A940F60041E862 /* Info.plist */,
				CAEE21C524A940F60041E862 /* Preview Content */,
			);
			path = Memorize;
			sourceTree = "<group>";
		};
		CAEE21C524A940F60041E862 /* Preview Content */ = {
			isa = PBXGroup;
			children = (
				CAEE21C624A940F60041E862 /* Preview Assets.xcassets */,
			);
			path = "Preview Content";
			sourceTree = "<group>";
		};
/* End PBXGroup section */

/* Begin PBXNativeTarget section */
		CAEE21B924A940F10041E862 /* Memorize */ = {
			isa = PBXNativeTarget;
			buildConfigurationList = CAEE21CE24A940F60041E862 /* Build configuration list for PBXNativeTarget "Memorize" */;
			buildPhases = (
				CAEE21B624A940F10041E862 /* Sources */,
				CAEE21B724A940F10041E862 /* Frameworks */,
				CAEE21B824A940F10041E862 /* Resources */,
			);
			buildRules = (
			);
			dependencies = (
			);
			name = Memorize;
			productName = Memorize;
			productReference = CAEE21BA24A940F10041E862 /* Memorize.app */;
			productType = "com.apple.product-type.application";
		};
/* End PBXNativeTarget section */

/* Begin PBXProject section */
		CAEE21B224A940F10041E862 /* Project object */ = {
			isa = PBXProject;
			attributes = {
				LastSwiftUpdateCheck = 1150;
				LastUpgradeCheck = 1150;
				ORGANIZATIONNAME = "Vishal Ramesh";
				TargetAttributes = {
					CAEE21B924A940F10041E862 = {
						CreatedOnToolsVersion = 11.5;
					};
				};
			};
			buildConfigurationList = CAEE21B524A940F10041E862 /* Build configuration list for PBXProject "Memorize" */;
			compatibilityVersion = "Xcode 9.3";
			developmentRegion = en;
			hasScannedForEncodings = 0;
			knownRegions = (
				en,
				Base,
			);
			mainGroup = CAEE21B124A940F10041E862;
			productRefGroup = CAEE21BB24A940F10041E862 /* Products */;
			projectDirPath = "";
			projectRoot = "";
			targets = (
				CAEE21B924A940F10041E862 /* Memorize */,
			);
		};
/* End PBXProject section */

/* Begin PBXResourcesBuildPhase section */
		CAEE21B824A940F10041E862 /* Resources */ = {
			isa = PBXResourcesBuildPhase;
			buildActionMask = 2147483647;
			files = (
				CAEE21CA24A940F60041E862 /* LaunchScreen.storyboard in Resources */,
				CAEE21C724A940F60041E862 /* Preview Assets.xcassets in Resources */,
				CAEE21C424A940F60041E862 /* Assets.xcassets in Resources */,
			);
			runOnlyForDeploymentPostprocessing = 0;
		};
/* End PBXResourcesBuildPhase section */

/* Begin PBXSourcesBuildPhase section */
		CAEE21B624A940F10041E862 /* Sources */ = {
			isa = PBXSourcesBuildPhase;
			buildActionMask = 2147483647;
			files = (
				CAEE21BE24A940F10041E862 /* AppDelegate.swift in Sources */,
				CAEE21C024A940F10041E862 /* SceneDelegate.swift in Sources */,
				CA9BC94E24F0562D0016427E /* MemoryGameTheme.swift in Sources */,
				CA12A8D824A98CB800614A61 /* MemoryGame.swift in Sources */,
				CA7C75F424EDD72400D941F5 /* Array+Only.swift in Sources */,
				CAEE21C224A940F10041E862 /* EmojiMemoryGameView.swift in Sources */,
				CA5B30B724F1F07A0090BBD5 /* Cardify.swift in Sources */,
				CA5B30B524F1EA140090BBD5 /* Pie.swift in Sources */,
				CA12A8DA24A98D5900614A61 /* EmojiMemoryGame.swift in Sources */,
				CA7C75F224EDBF6300D941F5 /* Array+Identifiable.swift in Sources */,
				CA7C75F024EDA75200D941F5 /* GridLayout.swift in Sources */,
				CA7C75EE24EDA0D000D941F5 /* Grid.swift in Sources */,
			);
			runOnlyForDeploymentPostprocessing = 0;
		};
/* End PBXSourcesBuildPhase section */

/* Begin PBXVariantGroup section */
		CAEE21C824A940F60041E862 /* LaunchScreen.storyboard */ = {
			isa = PBXVariantGroup;
			children = (
				CAEE21C924A940F60041E862 /* Base */,
			);
			name = LaunchScreen.storyboard;
			sourceTree = "<group>";
		};
/* End PBXVariantGroup section */

/* Begin XCBuildConfiguration section */
		CAEE21CC24A940F60041E862 /* Debug */ = {
			isa = XCBuildConfiguration;
			buildSettings = {
				ALWAYS_SEARCH_USER_PATHS = NO;
				CLANG_ANALYZER_NONNULL = YES;
				CLANG_ANALYZER_NUMBER_OBJECT_CONVERSION = YES_AGGRESSIVE;
				CLANG_CXX_LANGUAGE_STANDARD = "gnu++14";
				CLANG_CXX_LIBRARY = "libc++";
				CLANG_ENABLE_MODULES = YES;
				CLANG_ENABLE_OBJC_ARC = YES;
				CLANG_ENABLE_OBJC_WEAK = YES;
				CLANG_WARN_BLOCK_CAPTURE_AUTORELEASING = YES;
				CLANG_WARN_BOOL_CONVERSION = YES;
				CLANG_WARN_COMMA = YES;
				CLANG_WARN_CONSTANT_CONVERSION = YES;
				CLANG_WARN_DEPRECATED_OBJC_IMPLEMENTATIONS = YES;
				CLANG_WARN_DIRECT_OBJC_ISA_USAGE = YES_ERROR;
				CLANG_WARN_DOCUMENTATION_COMMENTS = YES;
				CLANG_WARN_EMPTY_BODY = YES;
				CLANG_WARN_ENUM_CONVERSION = YES;
				CLANG_WARN_INFINITE_RECURSION = YES;
				CLANG_WARN_INT_CONVERSION = YES;
				CLANG_WARN_NON_LITERAL_NULL_CONVERSION = YES;
				CLANG_WARN_OBJC_IMPLICIT_RETAIN_SELF = YES;
				CLANG_WARN_OBJC_LITERAL_CONVERSION = YES;
				CLANG_WARN_OBJC_ROOT_CLASS = YES_ERROR;
				CLANG_WARN_RANGE_LOOP_ANALYSIS = YES;
				CLANG_WARN_STRICT_PROTOTYPES = YES;
				CLANG_WARN_SUSPICIOUS_MOVE = YES;
				CLANG_WARN_UNGUARDED_AVAILABILITY = YES_AGGRESSIVE;
				CLANG_WARN_UNREACHABLE_CODE = YES;
				CLANG_WARN__DUPLICATE_METHOD_MATCH = YES;
				COPY_PHASE_STRIP = NO;
				DEBUG_INFORMATION_FORMAT = dwarf;
				ENABLE_STRICT_OBJC_MSGSEND = YES;
				ENABLE_TESTABILITY = YES;
				GCC_C_LANGUAGE_STANDARD = gnu11;
				GCC_DYNAMIC_NO_PIC = NO;
				GCC_NO_COMMON_BLOCKS = YES;
				GCC_OPTIMIZATION_LEVEL = 0;
				GCC_PREPROCESSOR_DEFINITIONS = (
					"DEBUG=1",
					"$(inherited)",
				);
				GCC_WARN_64_TO_32_BIT_CONVERSION = YES;
				GCC_WARN_ABOUT_RETURN_TYPE = YES_ERROR;
				GCC_WARN_UNDECLARED_SELECTOR = YES;
				GCC_WARN_UNINITIALIZED_AUTOS = YES_AGGRESSIVE;
				GCC_WARN_UNUSED_FUNCTION = YES;
				GCC_WARN_UNUSED_VARIABLE = YES;
				IPHONEOS_DEPLOYMENT_TARGET = 13.5;
				MTL_ENABLE_DEBUG_INFO = INCLUDE_SOURCE;
				MTL_FAST_MATH = YES;
				ONLY_ACTIVE_ARCH = YES;
				SDKROOT = iphoneos;
				SWIFT_ACTIVE_COMPILATION_CONDITIONS = DEBUG;
				SWIFT_OPTIMIZATION_LEVEL = "-Onone";
			};
			name = Debug;
		};
		CAEE21CD24A940F60041E862 /* Release */ = {
			isa = XCBuildConfiguration;
			buildSettings = {
				ALWAYS_SEARCH_USER_PATHS = NO;
				CLANG_ANALYZER_NONNULL = YES;
				CLANG_ANALYZER_NUMBER_OBJECT_CONVERSION = YES_AGGRESSIVE;
				CLANG_CXX_LANGUAGE_STANDARD = "gnu++14";
				CLANG_CXX_LIBRARY = "libc++";
				CLANG_ENABLE_MODULES = YES;
				CLANG_ENABLE_OBJC_ARC = YES;
				CLANG_ENABLE_OBJC_WEAK = YES;
				CLANG_WARN_BLOCK_CAPTURE_AUTORELEASING = YES;
				CLANG_WARN_BOOL_CONVERSION = YES;
				CLANG_WARN_COMMA = YES;
				CLANG_WARN_CONSTANT_CONVERSION = YES;
				CLANG_WARN_DEPRECATED_OBJC_IMPLEMENTATIONS = YES;
				CLANG_WARN_DIRECT_OBJC_ISA_USAGE = YES_ERROR;
				CLANG_WARN_DOCUMENTATION_COMMENTS = YES;
				CLANG_WARN_EMPTY_BODY = YES;
				CLANG_WARN_ENUM_CONVERSION = YES;
				CLANG_WARN_INFINITE_RECURSION = YES;
				CLANG_WARN_INT_CONVERSION = YES;
				CLANG_WARN_NON_LITERAL_NULL_CONVERSION = YES;
				CLANG_WARN_OBJC_IMPLICIT_RETAIN_SELF = YES;
				CLANG_WARN_OBJC_LITERAL_CONVERSION = YES;
				CLANG_WARN_OBJC_ROOT_CLASS = YES_ERROR;
				CLANG_WARN_RANGE_LOOP_ANALYSIS = YES;
				CLANG_WARN_STRICT_PROTOTYPES = YES;
				CLANG_WARN_SUSPICIOUS_MOVE = YES;
				CLANG_WARN_UNGUARDED_AVAILABILITY = YES_AGGRESSIVE;
				CLANG_WARN_UNREACHABLE_CODE = YES;
				CLANG_WARN__DUPLICATE_METHOD_MATCH = YES;
				COPY_PHASE_STRIP = NO;
				DEBUG_INFORMATION_FORMAT = "dwarf-with-dsym";
				ENABLE_NS_ASSERTIONS = NO;
				ENABLE_STRICT_OBJC_MSGSEND = YES;
				GCC_C_LANGUAGE_STANDARD = gnu11;
				GCC_NO_COMMON_BLOCKS = YES;
				GCC_WARN_64_TO_32_BIT_CONVERSION = YES;
				GCC_WARN_ABOUT_RETURN_TYPE = YES_ERROR;
				GCC_WARN_UNDECLARED_SELECTOR = YES;
				GCC_WARN_UNINITIALIZED_AUTOS = YES_AGGRESSIVE;
				GCC_WARN_UNUSED_FUNCTION = YES;
				GCC_WARN_UNUSED_VARIABLE = YES;
				IPHONEOS_DEPLOYMENT_TARGET = 13.5;
				MTL_ENABLE_DEBUG_INFO = NO;
				MTL_FAST_MATH = YES;
				SDKROOT = iphoneos;
				SWIFT_COMPILATION_MODE = wholemodule;
				SWIFT_OPTIMIZATION_LEVEL = "-O";
				VALIDATE_PRODUCT = YES;
			};
			name = Release;
		};
		CAEE21CF24A940F60041E862 /* Debug */ = {
			isa = XCBuildConfiguration;
			buildSettings = {
				ASSETCATALOG_COMPILER_APPICON_NAME = AppIcon;
				CODE_SIGN_STYLE = Automatic;
				DEVELOPMENT_ASSET_PATHS = "\"Memorize/Preview Content\"";
				DEVELOPMENT_TEAM = DYC2R792A2;
				ENABLE_PREVIEWS = YES;
				INFOPLIST_FILE = Memorize/Info.plist;
				LD_RUNPATH_SEARCH_PATHS = (
					"$(inherited)",
					"@executable_path/Frameworks",
				);
				PRODUCT_BUNDLE_IDENTIFIER = stanford.cs193p.Memorize;
				PRODUCT_NAME = "$(TARGET_NAME)";
				SWIFT_VERSION = 5.0;
				TARGETED_DEVICE_FAMILY = "1,2";
			};
			name = Debug;
		};
		CAEE21D024A940F60041E862 /* Release */ = {
			isa = XCBuildConfiguration;
			buildSettings = {
				ASSETCATALOG_COMPILER_APPICON_NAME = AppIcon;
				CODE_SIGN_STYLE = Automatic;
				DEVELOPMENT_ASSET_PATHS = "\"Memorize/Preview Content\"";
				DEVELOPMENT_TEAM = DYC2R792A2;
				ENABLE_PREVIEWS = YES;
				INFOPLIST_FILE = Memorize/Info.plist;
				LD_RUNPATH_SEARCH_PATHS = (
					"$(inherited)",
					"@executable_path/Frameworks",
				);
				PRODUCT_BUNDLE_IDENTIFIER = stanford.cs193p.Memorize;
				PRODUCT_NAME = "$(TARGET_NAME)";
				SWIFT_VERSION = 5.0;
				TARGETED_DEVICE_FAMILY = "1,2";
			};
			name = Release;
		};
/* End XCBuildConfiguration section */

/* Begin XCConfigurationList section */
		CAEE21B524A940F10041E862 /* Build configuration list for PBXProject "Memorize" */ = {
			isa = XCConfigurationList;
			buildConfigurations = (
				CAEE21CC24A940F60041E862 /* Debug */,
				CAEE21CD24A940F60041E862 /* Release */,
			);
			defaultConfigurationIsVisible = 0;
			defaultConfigurationName = Release;
		};
		CAEE21CE24A940F60041E862 /* Build configuration list for PBXNativeTarget "Memorize" */ = {
			isa = XCConfigurationList;
			buildConfigurations = (
				CAEE21CF24A940F60041E862 /* Debug */,
				CAEE21D024A940F60041E862 /* Release */,
			);
			defaultConfigurationIsVisible = 0;
			defaultConfigurationName = Release;
		};
/* End XCConfigurationList section */
	};
	rootObject = CAEE21B224A940F10041E862 /* Project object */;
}
