// !$*UTF8*$!
{
	archiveVersion = 1;
	classes = {
	};
	objectVersion = 50;
	objects = {

/* Begin PBXBuildFile section */
		CAE3517924F433200009425E /* AppDelegate.swift in Sources */ = {isa = PBXBuildFile; fileRef = CAE3517824F433200009425E /* AppDelegate.swift */; };
		CAE3517B24F433200009425E /* SceneDelegate.swift in Sources */ = {isa = PBXBuildFile; fileRef = CAE3517A24F433200009425E /* SceneDelegate.swift */; };
		CAE3517D24F433200009425E /* SetGameView.swift in Sources */ = {isa = PBXBuildFile; fileRef = CAE3517C24F433200009425E /* SetGameView.swift */; };
		CAE3517F24F433250009425E /* Assets.xcassets in Resources */ = {isa = PBXBuildFile; fileRef = CAE3517E24F433250009425E /* Assets.xcassets */; };
		CAE3518224F433250009425E /* Preview Assets.xcassets in Resources */ = {isa = PBXBuildFile; fileRef = CAE3518124F433250009425E /* Preview Assets.xcassets */; };
		CAE3518524F433250009425E /* LaunchScreen.storyboard in Resources */ = {isa = PBXBuildFile; fileRef = CAE3518324F433250009425E /* LaunchScreen.storyboard */; };
		CAFA1C7624F4686800935507 /* SetGameViewModel.swift in Sources */ = {isa = PBXBuildFile; fileRef = CAFA1C7524F4686800935507 /* SetGameViewModel.swift */; };
		CAFA1C7824F468D400935507 /* SetGameModel.swift in Sources */ = {isa = PBXBuildFile; fileRef = CAFA1C7724F468D400935507 /* SetGameModel.swift */; };
		CAFA1C7A24F483D800935507 /* Grid.swift in Sources */ = {isa = PBXBuildFile; fileRef = CAFA1C7924F483D700935507 /* Grid.swift */; };
		CAFA1C7C24F483F400935507 /* GridLayout.swift in Sources */ = {isa = PBXBuildFile; fileRef = CAFA1C7B24F483F400935507 /* GridLayout.swift */; };
		CAFA1C7E24F4845500935507 /* Array+Identifiable.swift in Sources */ = {isa = PBXBuildFile; fileRef = CAFA1C7D24F4845500935507 /* Array+Identifiable.swift */; };
/* End PBXBuildFile section */

/* Begin PBXFileReference section */
		CAE3517524F433200009425E /* Set Game.app */ = {isa = PBXFileReference; explicitFileType = wrapper.application; includeInIndex = 0; path = "Set Game.app"; sourceTree = BUILT_PRODUCTS_DIR; };
		CAE3517824F433200009425E /* AppDelegate.swift */ = {isa = PBXFileReference; lastKnownFileType = sourcecode.swift; path = AppDelegate.swift; sourceTree = "<group>"; };
		CAE3517A24F433200009425E /* SceneDelegate.swift */ = {isa = PBXFileReference; lastKnownFileType = sourcecode.swift; path = SceneDelegate.swift; sourceTree = "<group>"; };
		CAE3517C24F433200009425E /* SetGameView.swift */ = {isa = PBXFileReference; lastKnownFileType = sourcecode.swift; path = SetGameView.swift; sourceTree = "<group>"; };
		CAE3517E24F433250009425E /* Assets.xcassets */ = {isa = PBXFileReference; lastKnownFileType = folder.assetcatalog; path = Assets.xcassets; sourceTree = "<group>"; };
		CAE3518124F433250009425E /* Preview Assets.xcassets */ = {isa = PBXFileReference; lastKnownFileType = folder.assetcatalog; path = "Preview Assets.xcassets"; sourceTree = "<group>"; };
		CAE3518424F433250009425E /* Base */ = {isa = PBXFileReference; lastKnownFileType = file.storyboard; name = Base; path = Base.lproj/LaunchScreen.storyboard; sourceTree = "<group>"; };
		CAE3518624F433250009425E /* Info.plist */ = {isa = PBXFileReference; lastKnownFileType = text.plist.xml; path = Info.plist; sourceTree = "<group>"; };
		CAFA1C7524F4686800935507 /* SetGameViewModel.swift */ = {isa = PBXFileReference; lastKnownFileType = sourcecode.swift; path = SetGameViewModel.swift; sourceTree = "<group>"; };
		CAFA1C7724F468D400935507 /* SetGameModel.swift */ = {isa = PBXFileReference; lastKnownFileType = sourcecode.swift; path = SetGameModel.swift; sourceTree = "<group>"; };
		CAFA1C7924F483D700935507 /* Grid.swift */ = {isa = PBXFileReference; lastKnownFileType = sourcecode.swift; path = Grid.swift; sourceTree = "<group>"; };
		CAFA1C7B24F483F400935507 /* GridLayout.swift */ = {isa = PBXFileReference; lastKnownFileType = sourcecode.swift; path = GridLayout.swift; sourceTree = "<group>"; };
		CAFA1C7D24F4845500935507 /* Array+Identifiable.swift */ = {isa = PBXFileReference; lastKnownFileType = sourcecode.swift; path = "Array+Identifiable.swift"; sourceTree = "<group>"; };
/* End PBXFileReference section */

/* Begin PBXFrameworksBuildPhase section */
		CAE3517224F433200009425E /* Frameworks */ = {
			isa = PBXFrameworksBuildPhase;
			buildActionMask = 2147483647;
			files = (
			);
			runOnlyForDeploymentPostprocessing = 0;
		};
/* End PBXFrameworksBuildPhase section */

/* Begin PBXGroup section */
		CAE3516C24F4331F0009425E = {
			isa = PBXGroup;
			children = (
				CAE3517724F433200009425E /* Set Game */,
				CAE3517624F433200009425E /* Products */,
			);
			sourceTree = "<group>";
		};
		CAE3517624F433200009425E /* Products */ = {
			isa = PBXGroup;
			children = (
				CAE3517524F433200009425E /* Set Game.app */,
			);
			name = Products;
			sourceTree = "<group>";
		};
		CAE3517724F433200009425E /* Set Game */ = {
			isa = PBXGroup;
			children = (
				CAFA1C7D24F4845500935507 /* Array+Identifiable.swift */,
				CAE3517824F433200009425E /* AppDelegate.swift */,
				CAE3517A24F433200009425E /* SceneDelegate.swift */,
				CAE3517C24F433200009425E /* SetGameView.swift */,
				CAFA1C7924F483D700935507 /* Grid.swift */,
				CAFA1C7B24F483F400935507 /* GridLayout.swift */,
				CAFA1C7524F4686800935507 /* SetGameViewModel.swift */,
				CAFA1C7724F468D400935507 /* SetGameModel.swift */,
				CAE3517E24F433250009425E /* Assets.xcassets */,
				CAE3518324F433250009425E /* LaunchScreen.storyboard */,
				CAE3518624F433250009425E /* Info.plist */,
				CAE3518024F433250009425E /* Preview Content */,
			);
			path = "Set Game";
			sourceTree = "<group>";
		};
		CAE3518024F433250009425E /* Preview Content */ = {
			isa = PBXGroup;
			children = (
				CAE3518124F433250009425E /* Preview Assets.xcassets */,
			);
			path = "Preview Content";
			sourceTree = "<group>";
		};
/* End PBXGroup section */

/* Begin PBXNativeTarget section */
		CAE3517424F433200009425E /* Set Game */ = {
			isa = PBXNativeTarget;
			buildConfigurationList = CAE3518924F433250009425E /* Build configuration list for PBXNativeTarget "Set Game" */;
			buildPhases = (
				CAE3517124F433200009425E /* Sources */,
				CAE3517224F433200009425E /* Frameworks */,
				CAE3517324F433200009425E /* Resources */,
			);
			buildRules = (
			);
			dependencies = (
			);
			name = "Set Game";
			productName = "Set Game";
			productReference = CAE3517524F433200009425E /* Set Game.app */;
			productType = "com.apple.product-type.application";
		};
/* End PBXNativeTarget section */

/* Begin PBXProject section */
		CAE3516D24F433200009425E /* Project object */ = {
			isa = PBXProject;
			attributes = {
				LastSwiftUpdateCheck = 1160;
				LastUpgradeCheck = 1160;
				ORGANIZATIONNAME = "Vishal Ramesh";
				TargetAttributes = {
					CAE3517424F433200009425E = {
						CreatedOnToolsVersion = 11.6;
					};
				};
			};
			buildConfigurationList = CAE3517024F433200009425E /* Build configuration list for PBXProject "Set Game" */;
			compatibilityVersion = "Xcode 9.3";
			developmentRegion = en;
			hasScannedForEncodings = 0;
			knownRegions = (
				en,
				Base,
			);
			mainGroup = CAE3516C24F4331F0009425E;
			productRefGroup = CAE3517624F433200009425E /* Products */;
			projectDirPath = "";
			projectRoot = "";
			targets = (
				CAE3517424F433200009425E /* Set Game */,
			);
		};
/* End PBXProject section */

/* Begin PBXResourcesBuildPhase section */
		CAE3517324F433200009425E /* Resources */ = {
			isa = PBXResourcesBuildPhase;
			buildActionMask = 2147483647;
			files = (
				CAE3518524F433250009425E /* LaunchScreen.storyboard in Resources */,
				CAE3518224F433250009425E /* Preview Assets.xcassets in Resources */,
				CAE3517F24F433250009425E /* Assets.xcassets in Resources */,
			);
			runOnlyForDeploymentPostprocessing = 0;
		};
/* End PBXResourcesBuildPhase section */

/* Begin PBXSourcesBuildPhase section */
		CAE3517124F433200009425E /* Sources */ = {
			isa = PBXSourcesBuildPhase;
			buildActionMask = 2147483647;
			files = (
				CAE3517924F433200009425E /* AppDelegate.swift in Sources */,
				CAFA1C7824F468D400935507 /* SetGameModel.swift in Sources */,
				CAE3517B24F433200009425E /* SceneDelegate.swift in Sources */,
				CAE3517D24F433200009425E /* SetGameView.swift in Sources */,
				CAFA1C7624F4686800935507 /* SetGameViewModel.swift in Sources */,
				CAFA1C7E24F4845500935507 /* Array+Identifiable.swift in Sources */,
				CAFA1C7C24F483F400935507 /* GridLayout.swift in Sources */,
				CAFA1C7A24F483D800935507 /* Grid.swift in Sources */,
			);
			runOnlyForDeploymentPostprocessing = 0;
		};
/* End PBXSourcesBuildPhase section */

/* Begin PBXVariantGroup section */
		CAE3518324F433250009425E /* LaunchScreen.storyboard */ = {
			isa = PBXVariantGroup;
			children = (
				CAE3518424F433250009425E /* Base */,
			);
			name = LaunchScreen.storyboard;
			sourceTree = "<group>";
		};
/* End PBXVariantGroup section */

/* Begin XCBuildConfiguration section */
		CAE3518724F433250009425E /* Debug */ = {
			isa = XCBuildConfiguration;
			buildSettings = {
				ALWAYS_SEARCH_USER_PATHS = NO;
				CLANG_ANALYZER_NONNULL = YES;
				CLANG_ANALYZER_NUMBER_OBJECT_CONVERSION = YES_AGGRESSIVE;
				CLANG_CXX_LANGUAGE_STANDARD = "gnu++14";
				CLANG_CXX_LIBRARY = "libc++";
				CLANG_ENABLE_MODULES = YES;
				CLANG_ENABLE_OBJC_ARC = YES;
				CLANG_ENABLE_OBJC_WEAK = YES;
				CLANG_WARN_BLOCK_CAPTURE_AUTORELEASING = YES;
				CLANG_WARN_BOOL_CONVERSION = YES;
				CLANG_WARN_COMMA = YES;
				CLANG_WARN_CONSTANT_CONVERSION = YES;
				CLANG_WARN_DEPRECATED_OBJC_IMPLEMENTATIONS = YES;
				CLANG_WARN_DIRECT_OBJC_ISA_USAGE = YES_ERROR;
				CLANG_WARN_DOCUMENTATION_COMMENTS = YES;
				CLANG_WARN_EMPTY_BODY = YES;
				CLANG_WARN_ENUM_CONVERSION = YES;
				CLANG_WARN_INFINITE_RECURSION = YES;
				CLANG_WARN_INT_CONVERSION = YES;
				CLANG_WARN_NON_LITERAL_NULL_CONVERSION = YES;
				CLANG_WARN_OBJC_IMPLICIT_RETAIN_SELF = YES;
				CLANG_WARN_OBJC_LITERAL_CONVERSION = YES;
				CLANG_WARN_OBJC_ROOT_CLASS = YES_ERROR;
				CLANG_WARN_RANGE_LOOP_ANALYSIS = YES;
				CLANG_WARN_STRICT_PROTOTYPES = YES;
				CLANG_WARN_SUSPICIOUS_MOVE = YES;
				CLANG_WARN_UNGUARDED_AVAILABILITY = YES_AGGRESSIVE;
				CLANG_WARN_UNREACHABLE_CODE = YES;
				CLANG_WARN__DUPLICATE_METHOD_MATCH = YES;
				COPY_PHASE_STRIP = NO;
				DEBUG_INFORMATION_FORMAT = dwarf;
				ENABLE_STRICT_OBJC_MSGSEND = YES;
				ENABLE_TESTABILITY = YES;
				GCC_C_LANGUAGE_STANDARD = gnu11;
				GCC_DYNAMIC_NO_PIC = NO;
				GCC_NO_COMMON_BLOCKS = YES;
				GCC_OPTIMIZATION_LEVEL = 0;
				GCC_PREPROCESSOR_DEFINITIONS = (
					"DEBUG=1",
					"$(inherited)",
				);
				GCC_WARN_64_TO_32_BIT_CONVERSION = YES;
				GCC_WARN_ABOUT_RETURN_TYPE = YES_ERROR;
				GCC_WARN_UNDECLARED_SELECTOR = YES;
				GCC_WARN_UNINITIALIZED_AUTOS = YES_AGGRESSIVE;
				GCC_WARN_UNUSED_FUNCTION = YES;
				GCC_WARN_UNUSED_VARIABLE = YES;
				IPHONEOS_DEPLOYMENT_TARGET = 13.6;
				MTL_ENABLE_DEBUG_INFO = INCLUDE_SOURCE;
				MTL_FAST_MATH = YES;
				ONLY_ACTIVE_ARCH = YES;
				SDKROOT = iphoneos;
				SWIFT_ACTIVE_COMPILATION_CONDITIONS = DEBUG;
				SWIFT_OPTIMIZATION_LEVEL = "-Onone";
			};
			name = Debug;
		};
		CAE3518824F433250009425E /* Release */ = {
			isa = XCBuildConfiguration;
			buildSettings = {
				ALWAYS_SEARCH_USER_PATHS = NO;
				CLANG_ANALYZER_NONNULL = YES;
				CLANG_ANALYZER_NUMBER_OBJECT_CONVERSION = YES_AGGRESSIVE;
				CLANG_CXX_LANGUAGE_STANDARD = "gnu++14";
				CLANG_CXX_LIBRARY = "libc++";
				CLANG_ENABLE_MODULES = YES;
				CLANG_ENABLE_OBJC_ARC = YES;
				CLANG_ENABLE_OBJC_WEAK = YES;
				CLANG_WARN_BLOCK_CAPTURE_AUTORELEASING = YES;
				CLANG_WARN_BOOL_CONVERSION = YES;
				CLANG_WARN_COMMA = YES;
				CLANG_WARN_CONSTANT_CONVERSION = YES;
				CLANG_WARN_DEPRECATED_OBJC_IMPLEMENTATIONS = YES;
				CLANG_WARN_DIRECT_OBJC_ISA_USAGE = YES_ERROR;
				CLANG_WARN_DOCUMENTATION_COMMENTS = YES;
				CLANG_WARN_EMPTY_BODY = YES;
				CLANG_WARN_ENUM_CONVERSION = YES;
				CLANG_WARN_INFINITE_RECURSION = YES;
				CLANG_WARN_INT_CONVERSION = YES;
				CLANG_WARN_NON_LITERAL_NULL_CONVERSION = YES;
				CLANG_WARN_OBJC_IMPLICIT_RETAIN_SELF = YES;
				CLANG_WARN_OBJC_LITERAL_CONVERSION = YES;
				CLANG_WARN_OBJC_ROOT_CLASS = YES_ERROR;
				CLANG_WARN_RANGE_LOOP_ANALYSIS = YES;
				CLANG_WARN_STRICT_PROTOTYPES = YES;
				CLANG_WARN_SUSPICIOUS_MOVE = YES;
				CLANG_WARN_UNGUARDED_AVAILABILITY = YES_AGGRESSIVE;
				CLANG_WARN_UNREACHABLE_CODE = YES;
				CLANG_WARN__DUPLICATE_METHOD_MATCH = YES;
				COPY_PHASE_STRIP = NO;
				DEBUG_INFORMATION_FORMAT = "dwarf-with-dsym";
				ENABLE_NS_ASSERTIONS = NO;
				ENABLE_STRICT_OBJC_MSGSEND = YES;
				GCC_C_LANGUAGE_STANDARD = gnu11;
				GCC_NO_COMMON_BLOCKS = YES;
				GCC_WARN_64_TO_32_BIT_CONVERSION = YES;
				GCC_WARN_ABOUT_RETURN_TYPE = YES_ERROR;
				GCC_WARN_UNDECLARED_SELECTOR = YES;
				GCC_WARN_UNINITIALIZED_AUTOS = YES_AGGRESSIVE;
				GCC_WARN_UNUSED_FUNCTION = YES;
				GCC_WARN_UNUSED_VARIABLE = YES;
				IPHONEOS_DEPLOYMENT_TARGET = 13.6;
				MTL_ENABLE_DEBUG_INFO = NO;
				MTL_FAST_MATH = YES;
				SDKROOT = iphoneos;
				SWIFT_COMPILATION_MODE = wholemodule;
				SWIFT_OPTIMIZATION_LEVEL = "-O";
				VALIDATE_PRODUCT = YES;
			};
			name = Release;
		};
		CAE3518A24F433250009425E /* Debug */ = {
			isa = XCBuildConfiguration;
			buildSettings = {
				ASSETCATALOG_COMPILER_APPICON_NAME = AppIcon;
				CODE_SIGN_STYLE = Automatic;
				DEVELOPMENT_ASSET_PATHS = "\"Set Game/Preview Content\"";
				DEVELOPMENT_TEAM = DYC2R792A2;
				ENABLE_PREVIEWS = YES;
				INFOPLIST_FILE = "Set Game/Info.plist";
				LD_RUNPATH_SEARCH_PATHS = (
					"$(inherited)",
					"@executable_path/Frameworks",
				);
				PRODUCT_BUNDLE_IDENTIFIER = "stanford.cs193p.Set-Game";
				PRODUCT_NAME = "$(TARGET_NAME)";
				SWIFT_VERSION = 5.0;
				TARGETED_DEVICE_FAMILY = "1,2";
			};
			name = Debug;
		};
		CAE3518B24F433250009425E /* Release */ = {
			isa = XCBuildConfiguration;
			buildSettings = {
				ASSETCATALOG_COMPILER_APPICON_NAME = AppIcon;
				CODE_SIGN_STYLE = Automatic;
				DEVELOPMENT_ASSET_PATHS = "\"Set Game/Preview Content\"";
				DEVELOPMENT_TEAM = DYC2R792A2;
				ENABLE_PREVIEWS = YES;
				INFOPLIST_FILE = "Set Game/Info.plist";
				LD_RUNPATH_SEARCH_PATHS = (
					"$(inherited)",
					"@executable_path/Frameworks",
				);
				PRODUCT_BUNDLE_IDENTIFIER = "stanford.cs193p.Set-Game";
				PRODUCT_NAME = "$(TARGET_NAME)";
				SWIFT_VERSION = 5.0;
				TARGETED_DEVICE_FAMILY = "1,2";
			};
			name = Release;
		};
/* End XCBuildConfiguration section */

/* Begin XCConfigurationList section */
		CAE3517024F433200009425E /* Build configuration list for PBXProject "Set Game" */ = {
			isa = XCConfigurationList;
			buildConfigurations = (
				CAE3518724F433250009425E /* Debug */,
				CAE3518824F433250009425E /* Release */,
			);
			defaultConfigurationIsVisible = 0;
			defaultConfigurationName = Release;
		};
		CAE3518924F433250009425E /* Build configuration list for PBXNativeTarget "Set Game" */ = {
			isa = XCConfigurationList;
			buildConfigurations = (
				CAE3518A24F433250009425E /* Debug */,
				CAE3518B24F433250009425E /* Release */,
			);
			defaultConfigurationIsVisible = 0;
			defaultConfigurationName = Release;
		};
/* End XCConfigurationList section */
	};
	rootObject = CAE3516D24F433200009425E /* Project object */;
}
